{
    "_meta": {
        "hash": {
            "sha256": "75af4bf3d5f4bcda77a36d4b2344bc1a0fd8bfbbd8b481ea79ad4b0133b9d9a6"
        },
        "pipfile-spec": 6,
        "requires": {
            "python_version": "3.7"
        },
        "sources": [
            {
                "name": "pypi",
                "url": "https://pypi.org/simple",
                "verify_ssl": true
            }
        ]
    },
    "default": {
        "pymemcache": {
            "hashes": [
                "sha256:822464a69449cb4a0a0025a5ed093c0848b445e2dacd7f57879d57805119a35e",
                "sha256:c92e591e148dece0df4e4264628c5fc629a1efab45347df0e1f7424f61b10101"
            ],
            "index": "pypi",
            "version": "==1.4.4"
        },
        "six": {
            "hashes": [
                "sha256:70e8a77beed4562e7f14fe23a786b54f6296e34344c23bc42f07b15018ff98e9",
                "sha256:832dc0e10feb1aa2c68dcc57dbb658f1c7e65b9b61af69048abc87a2db00a0eb"
            ],
            "version": "==1.11.0"
        }
    },
    "develop": {}
}
